// !$*UTF8*$!
{
	archiveVersion = 1;
	classes = {
	};
	objectVersion = 77;
	objects = {

/* Begin PBXBuildFile section */
		0E134102E734CCEE5F187202 /* StatsForClaudeKit in Frameworks */ = {isa = PBXBuildFile; productRef = DBB59606B85037723FBF53B0 /* StatsForClaudeKit */; };
		0F170D7FE4A0287A3C180EBA /* SettingsStore.swift in Sources */ = {isa = PBXBuildFile; fileRef = 29A076B8C602129D59263AA7 /* SettingsStore.swift */; };
		15B5402EFD10CB714A9A7A39 /* ProjectsTableView.swift in Sources */ = {isa = PBXBuildFile; fileRef = 1E8F7BB87D2F81D6C01544EC /* ProjectsTableView.swift */; };
		216B98560245E1716EB4E41C /* StatsForClaudeKit in Frameworks */ = {isa = PBXBuildFile; productRef = 3484EF6481F77F2401FE21AC /* StatsForClaudeKit */; };
		3293F725729CDF578E934B5B /* DashboardView.swift in Sources */ = {isa = PBXBuildFile; fileRef = E79F93B65DC3F83384EBBE8E /* DashboardView.swift */; };
		564285B3BF35D2658FCEC176 /* MenuBarViewModel.swift in Sources */ = {isa = PBXBuildFile; fileRef = 745276FD51753D52723166D8 /* MenuBarViewModel.swift */; };
		5FC2402A983D030E862C6F94 /* StatsForClaudeWidgetBundle.swift in Sources */ = {isa = PBXBuildFile; fileRef = 36FBCD7E016D826CCDFE080A /* StatsForClaudeWidgetBundle.swift */; };
		95ADB2E76E997AAA17B9203B /* OverviewTabView.swift in Sources */ = {isa = PBXBuildFile; fileRef = 6B734B52A8E2E5D13E33B7EC /* OverviewTabView.swift */; };
		A5F5EF8E0BEBC1296D9FE463 /* StatsForClaudeApp.swift in Sources */ = {isa = PBXBuildFile; fileRef = 0CFA56E950BFCBD4717DE120 /* StatsForClaudeApp.swift */; };
		AE77342BAC4F211E15628CC0 /* OnboardingView.swift in Sources */ = {isa = PBXBuildFile; fileRef = FFDC494DC8F5A176AC5A6163 /* OnboardingView.swift */; };
		BCA5BEA57C4801865E000D8A /* LimitsHeaderView.swift in Sources */ = {isa = PBXBuildFile; fileRef = E4D85E34F357A33BA26ECF78 /* LimitsHeaderView.swift */; };
		C17110C71DF054E5EA46070C /* SettingsView.swift in Sources */ = {isa = PBXBuildFile; fileRef = 81F96680EB7E3944B67A042A /* SettingsView.swift */; };
		EB43807B0A152FB4AB63DDF2 /* MenuBarPopoverView.swift in Sources */ = {isa = PBXBuildFile; fileRef = BE551D91B741B0364DE54684 /* MenuBarPopoverView.swift */; };
		F6D6B1B1BDB34699A24C712D /* Localizable.xcstrings in Resources */ = {isa = PBXBuildFile; fileRef = F42BA4B719A749BCB6A9C2D5 /* Localizable.xcstrings */; };
/* End PBXBuildFile section */

/* Begin PBXContainerItemProxy section */
		772FA8E82239B63A2326096A /* PBXContainerItemProxy */ = {
			isa = PBXContainerItemProxy;
			containerPortal = DD4BAC32AEACBE1D65963DC7 /* Project object */;
			proxyType = 1;
			remoteGlobalIDString = F228BBF7118908D57D3BBA37;
			remoteInfo = StatsForClaude;
		};
/* End PBXContainerItemProxy section */

/* Begin PBXFileReference section */
		0CFA56E950BFCBD4717DE120 /* StatsForClaudeApp.swift */ = {isa = PBXFileReference; lastKnownFileType = sourcecode.swift; path = StatsForClaudeApp.swift; sourceTree = "<group>"; };
		1E8F7BB87D2F81D6C01544EC /* ProjectsTableView.swift */ = {isa = PBXFileReference; lastKnownFileType = sourcecode.swift; path = ProjectsTableView.swift; sourceTree = "<group>"; };
		221371FA5D966409D062AF1F /* Info.plist */ = {isa = PBXFileReference; lastKnownFileType = text.plist; path = Info.plist; sourceTree = "<group>"; };
		29A076B8C602129D59263AA7 /* SettingsStore.swift */ = {isa = PBXFileReference; lastKnownFileType = sourcecode.swift; path = SettingsStore.swift; sourceTree = "<group>"; };
		36FBCD7E016D826CCDFE080A /* StatsForClaudeWidgetBundle.swift */ = {isa = PBXFileReference; lastKnownFileType = sourcecode.swift; path = StatsForClaudeWidgetBundle.swift; sourceTree = "<group>"; };
		513297EF7E072CEA5FA810B2 /* StatsForClaudeWidget.entitlements */ = {isa = PBXFileReference; lastKnownFileType = text.plist.entitlements; path = StatsForClaudeWidget.entitlements; sourceTree = "<group>"; };
		6B734B52A8E2E5D13E33B7EC /* OverviewTabView.swift */ = {isa = PBXFileReference; lastKnownFileType = sourcecode.swift; path = OverviewTabView.swift; sourceTree = "<group>"; };
		745276FD51753D52723166D8 /* MenuBarViewModel.swift */ = {isa = PBXFileReference; lastKnownFileType = sourcecode.swift; path = MenuBarViewModel.swift; sourceTree = "<group>"; };
		81F96680EB7E3944B67A042A /* SettingsView.swift */ = {isa = PBXFileReference; lastKnownFileType = sourcecode.swift; path = SettingsView.swift; sourceTree = "<group>"; };
		9E94F551101006ED341C76C5 /* StatsForClaudeKit */ = {isa = PBXFileReference; lastKnownFileType = folder; path = StatsForClaudeKit; sourceTree = SOURCE_ROOT; };
		A0D629979BC94D3BA2BBD43F /* StatsForClaudeWidget.appex */ = {isa = PBXFileReference; explicitFileType = "wrapper.app-extension"; includeInIndex = 0; path = StatsForClaudeWidget.appex; sourceTree = BUILT_PRODUCTS_DIR; };
		A446EEA7521011A460291987 /* StatsForClaude.app */ = {isa = PBXFileReference; explicitFileType = wrapper.application; includeInIndex = 0; path = StatsForClaude.app; sourceTree = BUILT_PRODUCTS_DIR; };
		BE551D91B741B0364DE54684 /* MenuBarPopoverView.swift */ = {isa = PBXFileReference; lastKnownFileType = sourcecode.swift; path = MenuBarPopoverView.swift; sourceTree = "<group>"; };
		E4D85E34F357A33BA26ECF78 /* LimitsHeaderView.swift */ = {isa = PBXFileReference; lastKnownFileType = sourcecode.swift; path = LimitsHeaderView.swift; sourceTree = "<group>"; };
		E79F93B65DC3F83384EBBE8E /* DashboardView.swift */ = {isa = PBXFileReference; lastKnownFileType = sourcecode.swift; path = DashboardView.swift; sourceTree = "<group>"; };
		F42BA4B719A749BCB6A9C2D5 /* Localizable.xcstrings */ = {isa = PBXFileReference; lastKnownFileType = text.xml.xcstrings; name = Localizable.xcstrings; path = StatsForClaude/Resources/Localizable.xcstrings; sourceTree = "<group>"; };
		FFDC494DC8F5A176AC5A6163 /* OnboardingView.swift */ = {isa = PBXFileReference; lastKnownFileType = sourcecode.swift; path = OnboardingView.swift; sourceTree = "<group>"; };
/* End PBXFileReference section */

/* Begin PBXFrameworksBuildPhase section */
		D8E14CB4D5A9C56A2CFF0379 /* Frameworks */ = {
			isa = PBXFrameworksBuildPhase;
			buildActionMask = 2147483647;
			files = (
				216B98560245E1716EB4E41C /* StatsForClaudeKit in Frameworks */,
			);
			runOnlyForDeploymentPostprocessing = 0;
		};
		FB32CF51DE76AF60950E81A9 /* Frameworks */ = {
			isa = PBXFrameworksBuildPhase;
			buildActionMask = 2147483647;
			files = (
				0E134102E734CCEE5F187202 /* StatsForClaudeKit in Frameworks */,
			);
			runOnlyForDeploymentPostprocessing = 0;
		};
/* End PBXFrameworksBuildPhase section */

/* Begin PBXGroup section */
		10BF9DB595E7920199C14829 /* MenuBar */ = {
			isa = PBXGroup;
			children = (
				BE551D91B741B0364DE54684 /* MenuBarPopoverView.swift */,
				745276FD51753D52723166D8 /* MenuBarViewModel.swift */,
			);
			path = MenuBar;
			sourceTree = "<group>";
		};
		1C1A74BB59BB621100265581 /* Onboarding */ = {
			isa = PBXGroup;
			children = (
				FFDC494DC8F5A176AC5A6163 /* OnboardingView.swift */,
			);
			path = Onboarding;
			sourceTree = "<group>";
		};
		38A2B9A0808CA104AA9061E4 /* OverviewTab */ = {
			isa = PBXGroup;
			children = (
				E4D85E34F357A33BA26ECF78 /* LimitsHeaderView.swift */,
				6B734B52A8E2E5D13E33B7EC /* OverviewTabView.swift */,
				1E8F7BB87D2F81D6C01544EC /* ProjectsTableView.swift */,
			);
			path = OverviewTab;
			sourceTree = "<group>";
		};
		54487D50211DFD187440FFD1 /* Packages */ = {
			isa = PBXGroup;
			children = (
				9E94F551101006ED341C76C5 /* StatsForClaudeKit */,
			);
			name = Packages;
			sourceTree = "<group>";
		};
		583CE71843229BD32869B954 /* Settings */ = {
			isa = PBXGroup;
			children = (
				29A076B8C602129D59263AA7 /* SettingsStore.swift */,
				81F96680EB7E3944B67A042A /* SettingsView.swift */,
			);
			path = Settings;
			sourceTree = "<group>";
		};
		5A87DC49BD6A13CA8657B8F5 /* StatsForClaudeWidget */ = {
			isa = PBXGroup;
			children = (
				221371FA5D966409D062AF1F /* Info.plist */,
				513297EF7E072CEA5FA810B2 /* StatsForClaudeWidget.entitlements */,
				36FBCD7E016D826CCDFE080A /* StatsForClaudeWidgetBundle.swift */,
			);
			path = StatsForClaudeWidget;
			sourceTree = "<group>";
		};
		60BBCFC0283134D29A8FCBC2 /* Dashboard */ = {
			isa = PBXGroup;
			children = (
				38A2B9A0808CA104AA9061E4 /* OverviewTab */,
				E79F93B65DC3F83384EBBE8E /* DashboardView.swift */,
			);
			path = Dashboard;
			sourceTree = "<group>";
		};
		70822DA06FA0FFAC9C766078 = {
			isa = PBXGroup;
			children = (
				54487D50211DFD187440FFD1 /* Packages */,
				CAE74D27C1823859B801AD9C /* StatsForClaude */,
				5A87DC49BD6A13CA8657B8F5 /* StatsForClaudeWidget */,
				E880BFC451952F31AC41CA00 /* Products */,
				88F725B52FAFA57C00C8D2F7 /* Recovered References */,
			);
			sourceTree = "<group>";
		};
		88F725B52FAFA57C00C8D2F7 /* Recovered References */ = {
			isa = PBXGroup;
			children = (
				F42BA4B719A749BCB6A9C2D5 /* Localizable.xcstrings */,
			);
			name = "Recovered References";
			sourceTree = "<group>";
		};
		CAE74D27C1823859B801AD9C /* StatsForClaude */ = {
			isa = PBXGroup;
			children = (
				60BBCFC0283134D29A8FCBC2 /* Dashboard */,
				10BF9DB595E7920199C14829 /* MenuBar */,
				1C1A74BB59BB621100265581 /* Onboarding */,
				583CE71843229BD32869B954 /* Settings */,
				0CFA56E950BFCBD4717DE120 /* StatsForClaudeApp.swift */,
			);
			path = StatsForClaude;
			sourceTree = "<group>";
		};
		E880BFC451952F31AC41CA00 /* Products */ = {
			isa = PBXGroup;
			children = (
				A446EEA7521011A460291987 /* StatsForClaude.app */,
				A0D629979BC94D3BA2BBD43F /* StatsForClaudeWidget.appex */,
			);
			name = Products;
			sourceTree = "<group>";
		};
/* End PBXGroup section */

/* Begin PBXNativeTarget section */
		D87453AB1447C8AD8BBD759F /* StatsForClaudeWidget */ = {
			isa = PBXNativeTarget;
			buildConfigurationList = 11DFC4A3E14DB15178EB6497 /* Build configuration list for PBXNativeTarget "StatsForClaudeWidget" */;
			buildPhases = (
				50A6FBDC5300DB69E165C781 /* Sources */,
				FB32CF51DE76AF60950E81A9 /* Frameworks */,
			);
			buildRules = (
			);
			dependencies = (
				54F1147FAFE3CFFBF6254A04 /* PBXTargetDependency */,
			);
			name = StatsForClaudeWidget;
			packageProductDependencies = (
				DBB59606B85037723FBF53B0 /* StatsForClaudeKit */,
			);
			productName = StatsForClaudeWidget;
			productReference = A0D629979BC94D3BA2BBD43F /* StatsForClaudeWidget.appex */;
			productType = "com.apple.product-type.app-extension";
		};
		F228BBF7118908D57D3BBA37 /* StatsForClaude */ = {
			isa = PBXNativeTarget;
			buildConfigurationList = 07F95D980673E6EE540B92E3 /* Build configuration list for PBXNativeTarget "StatsForClaude" */;
			buildPhases = (
				2554468CADF7BEB6F5132E5E /* Sources */,
				D8E14CB4D5A9C56A2CFF0379 /* Frameworks */,
				A3CBD0CF07E3431FA80B5FDF /* Resources */,
			);
			buildRules = (
			);
			dependencies = (
			);
			name = StatsForClaude;
			packageProductDependencies = (
				3484EF6481F77F2401FE21AC /* StatsForClaudeKit */,
			);
			productName = StatsForClaude;
			productReference = A446EEA7521011A460291987 /* StatsForClaude.app */;
			productType = "com.apple.product-type.application";
		};
/* End PBXNativeTarget section */

/* Begin PBXProject section */
		DD4BAC32AEACBE1D65963DC7 /* Project object */ = {
			isa = PBXProject;
			attributes = {
				BuildIndependentTargetsInParallel = YES;
				LastUpgradeCheck = 2600;
				TargetAttributes = {
					D87453AB1447C8AD8BBD759F = {
						DevelopmentTeam = 4DDDLR4X3X;
						ProvisioningStyle = Automatic;
					};
					F228BBF7118908D57D3BBA37 = {
						ProvisioningStyle = Automatic;
					};
				};
			};
			buildConfigurationList = 0DD991079B6F10D76ED0DE0F /* Build configuration list for PBXProject "StatsForClaude" */;
			developmentRegion = en;
			hasScannedForEncodings = 0;
			knownRegions = (
				Base,
				en,
			);
			mainGroup = 70822DA06FA0FFAC9C766078;
			minimizedProjectReferenceProxies = 1;
			packageReferences = (
				43A9410CBEE6D4DA88820AFF /* XCLocalSwiftPackageReference "StatsForClaudeKit" */,
			);
			preferredProjectObjectVersion = 77;
			productRefGroup = E880BFC451952F31AC41CA00 /* Products */;
			projectDirPath = "";
			projectRoot = "";
			targets = (
				F228BBF7118908D57D3BBA37 /* StatsForClaude */,
				D87453AB1447C8AD8BBD759F /* StatsForClaudeWidget */,
			);
		};
/* End PBXProject section */

/* Begin PBXResourcesBuildPhase section */
		A3CBD0CF07E3431FA80B5FDF /* Resources */ = {
			isa = PBXResourcesBuildPhase;
			buildActionMask = 2147483647;
			files = (
				F6D6B1B1BDB34699A24C712D /* Localizable.xcstrings in Resources */,
			);
			runOnlyForDeploymentPostprocessing = 0;
		};
/* End PBXResourcesBuildPhase section */

/* Begin PBXSourcesBuildPhase section */
		2554468CADF7BEB6F5132E5E /* Sources */ = {
			isa = PBXSourcesBuildPhase;
			buildActionMask = 2147483647;
			files = (
				3293F725729CDF578E934B5B /* DashboardView.swift in Sources */,
				BCA5BEA57C4801865E000D8A /* LimitsHeaderView.swift in Sources */,
				EB43807B0A152FB4AB63DDF2 /* MenuBarPopoverView.swift in Sources */,
				564285B3BF35D2658FCEC176 /* MenuBarViewModel.swift in Sources */,
				AE77342BAC4F211E15628CC0 /* OnboardingView.swift in Sources */,
				95ADB2E76E997AAA17B9203B /* OverviewTabView.swift in Sources */,
				15B5402EFD10CB714A9A7A39 /* ProjectsTableView.swift in Sources */,
				0F170D7FE4A0287A3C180EBA /* SettingsStore.swift in Sources */,
				C17110C71DF054E5EA46070C /* SettingsView.swift in Sources */,
				A5F5EF8E0BEBC1296D9FE463 /* StatsForClaudeApp.swift in Sources */,
			);
			runOnlyForDeploymentPostprocessing = 0;
		};
		50A6FBDC5300DB69E165C781 /* Sources */ = {
			isa = PBXSourcesBuildPhase;
			buildActionMask = 2147483647;
			files = (
				5FC2402A983D030E862C6F94 /* StatsForClaudeWidgetBundle.swift in Sources */,
			);
			runOnlyForDeploymentPostprocessing = 0;
		};
/* End PBXSourcesBuildPhase section */

/* Begin PBXTargetDependency section */
		54F1147FAFE3CFFBF6254A04 /* PBXTargetDependency */ = {
			isa = PBXTargetDependency;
			target = F228BBF7118908D57D3BBA37 /* StatsForClaude */;
			targetProxy = 772FA8E82239B63A2326096A /* PBXContainerItemProxy */;
		};
/* End PBXTargetDependency section */

/* Begin XCBuildConfiguration section */
		0124513A68CB35C648B64514 /* Release */ = {
			isa = XCBuildConfiguration;
			buildSettings = {
				ASSETCATALOG_COMPILER_APPICON_NAME = AppIcon;
				CODE_SIGN_ENTITLEMENTS = StatsForClaude/Resources/StatsForClaude.entitlements;
				COMBINE_HIDPI_IMAGES = YES;
				DEVELOPMENT_TEAM = S4J844GX39;
				ENABLE_APP_SANDBOX = YES;
				INFOPLIST_FILE = StatsForClaude/Resources/Info.plist;
				LD_RUNPATH_SEARCH_PATHS = (
					"$(inherited)",
					"@executable_path/../Frameworks",
				);
				PRODUCT_BUNDLE_IDENTIFIER = "org.revenko.stats-for-claude";
				SDKROOT = macosx;
			};
			name = Release;
		};
		1A0776266D73DF3D5671B4FC /* Release */ = {
			isa = XCBuildConfiguration;
			buildSettings = {
				ALWAYS_SEARCH_USER_PATHS = NO;
				CLANG_ANALYZER_NONNULL = YES;
				CLANG_ANALYZER_NUMBER_OBJECT_CONVERSION = YES_AGGRESSIVE;
				CLANG_CXX_LANGUAGE_STANDARD = "gnu++14";
				CLANG_CXX_LIBRARY = "libc++";
				CLANG_ENABLE_MODULES = YES;
				CLANG_ENABLE_OBJC_ARC = YES;
				CLANG_ENABLE_OBJC_WEAK = YES;
				CLANG_WARN_BLOCK_CAPTURE_AUTORELEASING = YES;
				CLANG_WARN_BOOL_CONVERSION = YES;
				CLANG_WARN_COMMA = YES;
				CLANG_WARN_CONSTANT_CONVERSION = YES;
				CLANG_WARN_DEPRECATED_OBJC_IMPLEMENTATIONS = YES;
				CLANG_WARN_DIRECT_OBJC_ISA_USAGE = YES_ERROR;
				CLANG_WARN_DOCUMENTATION_COMMENTS = YES;
				CLANG_WARN_EMPTY_BODY = YES;
				CLANG_WARN_ENUM_CONVERSION = YES;
				CLANG_WARN_INFINITE_RECURSION = YES;
				CLANG_WARN_INT_CONVERSION = YES;
				CLANG_WARN_NON_LITERAL_NULL_CONVERSION = YES;
				CLANG_WARN_OBJC_IMPLICIT_RETAIN_SELF = YES;
				CLANG_WARN_OBJC_LITERAL_CONVERSION = YES;
				CLANG_WARN_OBJC_ROOT_CLASS = YES_ERROR;
				CLANG_WARN_QUOTED_INCLUDE_IN_FRAMEWORK_HEADER = YES;
				CLANG_WARN_RANGE_LOOP_ANALYSIS = YES;
				CLANG_WARN_STRICT_PROTOTYPES = YES;
				CLANG_WARN_SUSPICIOUS_MOVE = YES;
				CLANG_WARN_UNGUARDED_AVAILABILITY = YES_AGGRESSIVE;
				CLANG_WARN_UNREACHABLE_CODE = YES;
				CLANG_WARN__DUPLICATE_METHOD_MATCH = YES;
				CODE_SIGN_STYLE = Automatic;
				COPY_PHASE_STRIP = NO;
				CURRENT_PROJECT_VERSION = 1;
				DEBUG_INFORMATION_FORMAT = "dwarf-with-dsym";
				DEVELOPMENT_TEAM = 4DDDLR4X3X;
				ENABLE_HARDENED_RUNTIME = YES;
				ENABLE_NS_ASSERTIONS = NO;
				ENABLE_STRICT_OBJC_MSGSEND = YES;
				GCC_C_LANGUAGE_STANDARD = gnu11;
				GCC_NO_COMMON_BLOCKS = YES;
				GCC_WARN_64_TO_32_BIT_CONVERSION = YES;
				GCC_WARN_ABOUT_RETURN_TYPE = YES_ERROR;
				GCC_WARN_UNDECLARED_SELECTOR = YES;
				GCC_WARN_UNINITIALIZED_AUTOS = YES_AGGRESSIVE;
				GCC_WARN_UNUSED_FUNCTION = YES;
				GCC_WARN_UNUSED_VARIABLE = YES;
				MACOSX_DEPLOYMENT_TARGET = 26.0;
				MARKETING_VERSION = 1.0;
				MTL_ENABLE_DEBUG_INFO = NO;
				MTL_FAST_MATH = YES;
				PRODUCT_NAME = "$(TARGET_NAME)";
				SDKROOT = macosx;
				SWIFT_COMPILATION_MODE = wholemodule;
				SWIFT_OPTIMIZATION_LEVEL = "-O";
				SWIFT_STRICT_CONCURRENCY = complete;
				SWIFT_VERSION = 6.0;
			};
			name = Release;
		};
		5B94761F5795A27B679E57AD /* Debug */ = {
			isa = XCBuildConfiguration;
			buildSettings = {
				ASSETCATALOG_COMPILER_APPICON_NAME = AppIcon;
				CODE_SIGN_ENTITLEMENTS = StatsForClaude/Resources/StatsForClaude.entitlements;
				COMBINE_HIDPI_IMAGES = YES;
				DEVELOPMENT_TEAM = S4J844GX39;
				ENABLE_APP_SANDBOX = YES;
				INFOPLIST_FILE = StatsForClaude/Resources/Info.plist;
				LD_RUNPATH_SEARCH_PATHS = (
					"$(inherited)",
					"@executable_path/../Frameworks",
				);
				PRODUCT_BUNDLE_IDENTIFIER = "org.revenko.stats-for-claude";
				SDKROOT = macosx;
			};
			name = Debug;
		};
		A66E01CE1B54926880791CD2 /* Debug */ = {
			isa = XCBuildConfiguration;
			buildSettings = {
				ALWAYS_SEARCH_USER_PATHS = NO;
				CLANG_ANALYZER_NONNULL = YES;
				CLANG_ANALYZER_NUMBER_OBJECT_CONVERSION = YES_AGGRESSIVE;
				CLANG_CXX_LANGUAGE_STANDARD = "gnu++14";
				CLANG_CXX_LIBRARY = "libc++";
				CLANG_ENABLE_MODULES = YES;
				CLANG_ENABLE_OBJC_ARC = YES;
				CLANG_ENABLE_OBJC_WEAK = YES;
				CLANG_WARN_BLOCK_CAPTURE_AUTORELEASING = YES;
				CLANG_WARN_BOOL_CONVERSION = YES;
				CLANG_WARN_COMMA = YES;
				CLANG_WARN_CONSTANT_CONVERSION = YES;
				CLANG_WARN_DEPRECATED_OBJC_IMPLEMENTATIONS = YES;
				CLANG_WARN_DIRECT_OBJC_ISA_USAGE = YES_ERROR;
				CLANG_WARN_DOCUMENTATION_COMMENTS = YES;
				CLANG_WARN_EMPTY_BODY = YES;
				CLANG_WARN_ENUM_CONVERSION = YES;
				CLANG_WARN_INFINITE_RECURSION = YES;
				CLANG_WARN_INT_CONVERSION = YES;
				CLANG_WARN_NON_LITERAL_NULL_CONVERSION = YES;
				CLANG_WARN_OBJC_IMPLICIT_RETAIN_SELF = YES;
				CLANG_WARN_OBJC_LITERAL_CONVERSION = YES;
				CLANG_WARN_OBJC_ROOT_CLASS = YES_ERROR;
				CLANG_WARN_QUOTED_INCLUDE_IN_FRAMEWORK_HEADER = YES;
				CLANG_WARN_RANGE_LOOP_ANALYSIS = YES;
				CLANG_WARN_STRICT_PROTOTYPES = YES;
				CLANG_WARN_SUSPICIOUS_MOVE = YES;
				CLANG_WARN_UNGUARDED_AVAILABILITY = YES_AGGRESSIVE;
				CLANG_WARN_UNREACHABLE_CODE = YES;
				CLANG_WARN__DUPLICATE_METHOD_MATCH = YES;
				CODE_SIGN_STYLE = Automatic;
				COPY_PHASE_STRIP = NO;
				CURRENT_PROJECT_VERSION = 1;
				DEBUG_INFORMATION_FORMAT = dwarf;
				DEVELOPMENT_TEAM = 4DDDLR4X3X;
				ENABLE_HARDENED_RUNTIME = YES;
				ENABLE_STRICT_OBJC_MSGSEND = YES;
				ENABLE_TESTABILITY = YES;
				GCC_C_LANGUAGE_STANDARD = gnu11;
				GCC_DYNAMIC_NO_PIC = NO;
				GCC_NO_COMMON_BLOCKS = YES;
				GCC_OPTIMIZATION_LEVEL = 0;
				GCC_PREPROCESSOR_DEFINITIONS = (
					"$(inherited)",
					"DEBUG=1",
				);
				GCC_WARN_64_TO_32_BIT_CONVERSION = YES;
				GCC_WARN_ABOUT_RETURN_TYPE = YES_ERROR;
				GCC_WARN_UNDECLARED_SELECTOR = YES;
				GCC_WARN_UNINITIALIZED_AUTOS = YES_AGGRESSIVE;
				GCC_WARN_UNUSED_FUNCTION = YES;
				GCC_WARN_UNUSED_VARIABLE = YES;
				MACOSX_DEPLOYMENT_TARGET = 26.0;
				MARKETING_VERSION = 1.0;
				MTL_ENABLE_DEBUG_INFO = INCLUDE_SOURCE;
				MTL_FAST_MATH = YES;
				ONLY_ACTIVE_ARCH = YES;
				PRODUCT_NAME = "$(TARGET_NAME)";
				SDKROOT = macosx;
				SWIFT_ACTIVE_COMPILATION_CONDITIONS = DEBUG;
				SWIFT_OPTIMIZATION_LEVEL = "-Onone";
				SWIFT_STRICT_CONCURRENCY = complete;
				SWIFT_VERSION = 6.0;
			};
			name = Debug;
		};
		AFBE3275744E8CDE4A570C12 /* Debug */ = {
			isa = XCBuildConfiguration;
			buildSettings = {
				CODE_SIGN_ENTITLEMENTS = StatsForClaudeWidget/StatsForClaudeWidget.entitlements;
				COMBINE_HIDPI_IMAGES = YES;
				ENABLE_APP_SANDBOX = YES;
				INFOPLIST_FILE = StatsForClaudeWidget/Info.plist;
				LD_RUNPATH_SEARCH_PATHS = (
					"$(inherited)",
					"@executable_path/../Frameworks",
					"@executable_path/../../../../Frameworks",
				);
				PRODUCT_BUNDLE_IDENTIFIER = "org.revenko.stats-for-claude.widget";
				SDKROOT = macosx;
			};
			name = Debug;
		};
		E397F29D2AD7DC9EB3C01F4C /* Release */ = {
			isa = XCBuildConfiguration;
			buildSettings = {
				CODE_SIGN_ENTITLEMENTS = StatsForClaudeWidget/StatsForClaudeWidget.entitlements;
				COMBINE_HIDPI_IMAGES = YES;
				ENABLE_APP_SANDBOX = YES;
				INFOPLIST_FILE = StatsForClaudeWidget/Info.plist;
				LD_RUNPATH_SEARCH_PATHS = (
					"$(inherited)",
					"@executable_path/../Frameworks",
					"@executable_path/../../../../Frameworks",
				);
				PRODUCT_BUNDLE_IDENTIFIER = "org.revenko.stats-for-claude.widget";
				SDKROOT = macosx;
			};
			name = Release;
		};
/* End XCBuildConfiguration section */

/* Begin XCConfigurationList section */
		07F95D980673E6EE540B92E3 /* Build configuration list for PBXNativeTarget "StatsForClaude" */ = {
			isa = XCConfigurationList;
			buildConfigurations = (
				5B94761F5795A27B679E57AD /* Debug */,
				0124513A68CB35C648B64514 /* Release */,
			);
			defaultConfigurationIsVisible = 0;
			defaultConfigurationName = Debug;
		};
		0DD991079B6F10D76ED0DE0F /* Build configuration list for PBXProject "StatsForClaude" */ = {
			isa = XCConfigurationList;
			buildConfigurations = (
				A66E01CE1B54926880791CD2 /* Debug */,
				1A0776266D73DF3D5671B4FC /* Release */,
			);
			defaultConfigurationIsVisible = 0;
			defaultConfigurationName = Debug;
		};
		11DFC4A3E14DB15178EB6497 /* Build configuration list for PBXNativeTarget "StatsForClaudeWidget" */ = {
			isa = XCConfigurationList;
			buildConfigurations = (
				AFBE3275744E8CDE4A570C12 /* Debug */,
				E397F29D2AD7DC9EB3C01F4C /* Release */,
			);
			defaultConfigurationIsVisible = 0;
			defaultConfigurationName = Debug;
		};
/* End XCConfigurationList section */

/* Begin XCLocalSwiftPackageReference section */
		43A9410CBEE6D4DA88820AFF /* XCLocalSwiftPackageReference "StatsForClaudeKit" */ = {
			isa = XCLocalSwiftPackageReference;
			relativePath = StatsForClaudeKit;
		};
/* End XCLocalSwiftPackageReference section */

/* Begin XCSwiftPackageProductDependency section */
		3484EF6481F77F2401FE21AC /* StatsForClaudeKit */ = {
			isa = XCSwiftPackageProductDependency;
			productName = StatsForClaudeKit;
		};
		DBB59606B85037723FBF53B0 /* StatsForClaudeKit */ = {
			isa = XCSwiftPackageProductDependency;
			productName = StatsForClaudeKit;
		};
/* End XCSwiftPackageProductDependency section */
	};
	rootObject = DD4BAC32AEACBE1D65963DC7 /* Project object */;
}
